DEPENDENCIES
  apache2 (~> 3.0.1)
  apt (~> 2.7.0)
  curl (~> 2.0.1)
  database (~> 4.0.6)
  git (~> 4.1.0)
  mysql (~> 6.0.24)
  mysql2_chef_gem (~> 1.0.1)
  nodejs (~> 2.2.0)
  selinux (~> 0.9.0)

GRAPH
  7-zip (1.0.2)
    windows (>= 1.2.2)
  apache2 (3.0.1)
    iptables (>= 0.0.0)
    logrotate (>= 0.0.0)
  apt (2.7.0)
  ark (0.9.0)
    7-zip (>= 0.0.0)
    windows (>= 0.0.0)
  build-essential (2.2.3)
  chef-sugar (3.1.1)
  chef_handler (1.2.0)
  curl (2.0.1)
  database (4.0.6)
    postgresql (>= 1.0.0)
  dmg (2.2.2)
  git (4.1.0)
    build-essential (>= 0.0.0)
    dmg (>= 0.0.0)
    runit (>= 1.0)
    windows (>= 0.0.0)
    yum (~> 3.0)
    yum-epel (>= 0.0.0)
  iptables (1.0.0)
  logrotate (1.9.2)
  mariadb (0.3.0)
    apt (>= 0.0.0)
    yum (>= 0.0.0)
    yum-epel (>= 0.0.0)
  mysql (6.0.24)
    smf (>= 0.0.0)
    yum-mysql-community (>= 0.0.0)
  mysql2_chef_gem (1.0.1)
    build-essential (>= 0.0.0)
    mariadb (>= 0.0.0)
    mysql (>= 0.0.0)
  nodejs (2.2.0)
    apt (>= 0.0.0)
    ark (>= 0.0.0)
    build-essential (>= 0.0.0)
    yum-epel (>= 0.0.0)
  openssl (4.2.0)
    chef-sugar (>= 0.0.0)
  packagecloud (0.0.19)
  postgresql (3.4.16)
    apt (>= 1.9.0)
    build-essential (>= 0.0.0)
    openssl (>= 0.0.0)
  rbac (1.0.3)
  runit (1.7.2)
    packagecloud (>= 0.0.0)
  selinux (0.9.0)
  smf (2.2.7)
    rbac (>= 1.0.1)
  windows (1.37.0)
    chef_handler (>= 0.0.0)
  yum (3.6.1)
  yum-epel (0.6.2)
    yum (~> 3.2)
  yum-mysql-community (0.1.17)
    yum (>= 3.0)
